<?xml version="1.0" encoding="utf-8"?>
<Project ToolsVersion="4.0" xmlns="http://schemas.microsoft.com/developer/msbuild/2003">
  <ItemGroup>
    <Filter Include="Fichiers sources">
      <UniqueIdentifier>{4FC737F1-C7A5-4376-A066-2A32D752A2FF}</UniqueIdentifier>
      <Extensions>cpp;c;cc;cxx;c++;cppm;ixx;def;odl;idl;hpj;bat;asm;asmx</Extensions>
    </Filter>
    <Filter Include="Fichiers d%27en-tête">
      <UniqueIdentifier>{93995380-89BD-4b04-88EB-625FBE52EBFB}</UniqueIdentifier>
      <Extensions>h;hh;hpp;hxx;h++;hm;inl;inc;ipp;xsd</Extensions>
    </Filter>
    <Filter Include="Fichiers de ressources">
      <UniqueIdentifier>{67DA6AB6-F800-4c08-8B7A-83BB121AAD01}</UniqueIdentifier>
      <Extensions>rc;ico;cur;bmp;dlg;rc2;rct;bin;rgs;gif;jpg;jpeg;jpe;resx;tiff;tif;png;wav;mfcribbon-ms</Extensions>
    </Filter>
  </ItemGroup>
  <ItemGroup>
    <ClInclude Include="lib\my\include\my.h">
      <Filter>Fichiers d%27en-tête</Filter>
    </ClInclude>
    <ClInclude Include="include\enum.h">
      <Filter>Fichiers d%27en-tête</Filter>
    </ClInclude>
    <ClInclude Include="include\my_world.h">
      <Filter>Fichiers d%27en-tête</Filter>
    </ClInclude>
  </ItemGroup>
  <ItemGroup>
    <ClCompile Include="src\init_struct\all_buttons.c">
      <Filter>Fichiers sources</Filter>
    </ClCompile>
    <ClCompile Include="src\init_struct\all_texture.c">
      <Filter>Fichiers sources</Filter>
    </ClCompile>
    <ClCompile Include="src\mod\angle.c">
      <Filter>Fichiers sources</Filter>
    </ClCompile>
    <ClCompile Include="src\button\back.c">
      <Filter>Fichiers sources</Filter>
    </ClCompile>
    <ClCompile Include="src\map\draw\barre_navig.c">
      <Filter>Fichiers sources</Filter>
    </ClCompile>
    <ClCompile Include="src\init_struct\bool_render.c">
      <Filter>Fichiers sources</Filter>
    </ClCompile>
    <ClCompile Include="src\menu\boxes.c">
      <Filter>Fichiers sources</Filter>
    </ClCompile>
    <ClCompile Include="src\button\button.c">
      <Filter>Fichiers sources</Filter>
    </ClCompile>
    <ClCompile Include="src\map\calcul.c">
      <Filter>Fichiers sources</Filter>
    </ClCompile>
    <ClCompile Include="src\init_struct\cam.c">
      <Filter>Fichiers sources</Filter>
    </ClCompile>
    <ClCompile Include="src\utils\circle.c">
      <Filter>Fichiers sources</Filter>
    </ClCompile>
    <ClCompile Include="src\map\draw\circle1.c">
      <Filter>Fichiers sources</Filter>
    </ClCompile>
    <ClCompile Include="src\mod\close.c">
      <Filter>Fichiers sources</Filter>
    </ClCompile>
    <ClCompile Include="src\init_struct\colors.c">
      <Filter>Fichiers sources</Filter>
    </ClCompile>
    <ClCompile Include="src\map\cube.c">
      <Filter>Fichiers sources</Filter>
    </ClCompile>
    <ClCompile Include="src\free\destroy.c">
      <Filter>Fichiers sources</Filter>
    </ClCompile>
    <ClCompile Include="src\button\hover\dirt.c">
      <Filter>Fichiers sources</Filter>
    </ClCompile>
    <ClCompile Include="src\button\hover\dirt_broke.c">
      <Filter>Fichiers sources</Filter>
    </ClCompile>
    <ClCompile Include="src\menu\display.c">
      <Filter>Fichiers sources</Filter>
    </ClCompile>
    <ClCompile Include="src\map\display_destroy_vertex.c">
      <Filter>Fichiers sources</Filter>
    </ClCompile>
    <ClCompile Include="src\map\draw\draw.c">
      <Filter>Fichiers sources</Filter>
    </ClCompile>
    <ClCompile Include="src\map\draw\draw_map.c">
      <Filter>Fichiers sources</Filter>
    </ClCompile>
    <ClCompile Include="src\map\draw\draw_water.c">
      <Filter>Fichiers sources</Filter>
    </ClCompile>
    <ClCompile Include="src\map\edit.c">
      <Filter>Fichiers sources</Filter>
    </ClCompile>
    <ClCompile Include="src\button\edit_tools.c">
      <Filter>Fichiers sources</Filter>
    </ClCompile>
    <ClCompile Include="src\map\draw\edit1.c">
      <Filter>Fichiers sources</Filter>
    </ClCompile>
    <ClCompile Include="src\button\edit2.c">
      <Filter>Fichiers sources</Filter>
    </ClCompile>
    <ClCompile Include="src\event\event.c">
      <Filter>Fichiers sources</Filter>
    </ClCompile>
    <ClCompile Include="src\free\free_button.c">
      <Filter>Fichiers sources</Filter>
    </ClCompile>
    <ClCompile Include="src\button\hover\gather.c">
      <Filter>Fichiers sources</Filter>
    </ClCompile>
    <ClCompile Include="src\button\hover\glace_1.c">
      <Filter>Fichiers sources</Filter>
    </ClCompile>
    <ClCompile Include="src\button\hover\glace_2.c">
      <Filter>Fichiers sources</Filter>
    </ClCompile>
    <ClCompile Include="src\button\hover\grass.c">
      <Filter>Fichiers sources</Filter>
    </ClCompile>
    <ClCompile Include="src\button\in_menu.c">
      <Filter>Fichiers sources</Filter>
    </ClCompile>
    <ClCompile Include="src\button\in_settings.c">
      <Filter>Fichiers sources</Filter>
    </ClCompile>
    <ClCompile Include="src\texture\init_texture.c">
      <Filter>Fichiers sources</Filter>
    </ClCompile>
    <ClCompile Include="src\map\draw\line.c">
      <Filter>Fichiers sources</Filter>
    </ClCompile>
    <ClCompile Include="src\line\line1.c">
      <Filter>Fichiers sources</Filter>
    </ClCompile>
    <ClCompile Include="src\main.c">
      <Filter>Fichiers sources</Filter>
    </ClCompile>
    <ClCompile Include="src\map\map.c">
      <Filter>Fichiers sources</Filter>
    </ClCompile>
    <ClCompile Include="src\init_struct\map1.c">
      <Filter>Fichiers sources</Filter>
    </ClCompile>
    <ClCompile Include="src\button\hover\mars_dirt.c">
      <Filter>Fichiers sources</Filter>
    </ClCompile>
    <ClCompile Include="src\init_struct\menu.c">
      <Filter>Fichiers sources</Filter>
    </ClCompile>
    <ClCompile Include="src\music\music.c">
      <Filter>Fichiers sources</Filter>
    </ClCompile>
    <ClCompile Include="src\mod\offset.c">
      <Filter>Fichiers sources</Filter>
    </ClCompile>
    <ClCompile Include="src\map\draw\paint.c">
      <Filter>Fichiers sources</Filter>
    </ClCompile>
    <ClCompile Include="src\button\paint1.c">
      <Filter>Fichiers sources</Filter>
    </ClCompile>
    <ClCompile Include="src\init_struct\perlin.c">
      <Filter>Fichiers sources</Filter>
    </ClCompile>
    <ClCompile Include="src\init_struct\point.c">
      <Filter>Fichiers sources</Filter>
    </ClCompile>
    <ClCompile Include="src\utils\radiant.c">
      <Filter>Fichiers sources</Filter>
    </ClCompile>
    <ClCompile Include="src\mod\radius.c">
      <Filter>Fichiers sources</Filter>
    </ClCompile>
    <ClCompile Include="src\map\draw\rander.c">
      <Filter>Fichiers sources</Filter>
    </ClCompile>
    <ClCompile Include="src\button\rander1.c">
      <Filter>Fichiers sources</Filter>
    </ClCompile>
    <ClCompile Include="src\random\random.c">
      <Filter>Fichiers sources</Filter>
    </ClCompile>
    <ClCompile Include="src\map\read_map.c">
      <Filter>Fichiers sources</Filter>
    </ClCompile>
    <ClCompile Include="src\button\hover\red_sand.c">
      <Filter>Fichiers sources</Filter>
    </ClCompile>
    <ClCompile Include="src\button\render_tools.c">
      <Filter>Fichiers sources</Filter>
    </ClCompile>
    <ClCompile Include="src\map\reset.c">
      <Filter>Fichiers sources</Filter>
    </ClCompile>
    <ClCompile Include="src\map\effect\save.c">
      <Filter>Fichiers sources</Filter>
    </ClCompile>
    <ClCompile Include="src\mod\save1.c">
      <Filter>Fichiers sources</Filter>
    </ClCompile>
    <ClCompile Include="src\button\save2.c">
      <Filter>Fichiers sources</Filter>
    </ClCompile>
    <ClCompile Include="src\texture\set_texture.c">
      <Filter>Fichiers sources</Filter>
    </ClCompile>
    <ClCompile Include="src\map\shade.c">
      <Filter>Fichiers sources</Filter>
    </ClCompile>
    <ClCompile Include="src\mod\shuffle.c">
      <Filter>Fichiers sources</Filter>
    </ClCompile>
    <ClCompile Include="src\map\effect\shuffle1.c">
      <Filter>Fichiers sources</Filter>
    </ClCompile>
    <ClCompile Include="src\mod\smooth.c">
      <Filter>Fichiers sources</Filter>
    </ClCompile>
    <ClCompile Include="src\map\effect\smooth1.c">
      <Filter>Fichiers sources</Filter>
    </ClCompile>
    <ClCompile Include="src\button\hover\snow.c">
      <Filter>Fichiers sources</Filter>
    </ClCompile>
    <ClCompile Include="src\music\sound.c">
      <Filter>Fichiers sources</Filter>
    </ClCompile>
    <ClCompile Include="src\button\hover\stone_1.c">
      <Filter>Fichiers sources</Filter>
    </ClCompile>
    <ClCompile Include="src\button\hover\stone_2.c">
      <Filter>Fichiers sources</Filter>
    </ClCompile>
    <ClCompile Include="src\button\text.c">
      <Filter>Fichiers sources</Filter>
    </ClCompile>
    <ClCompile Include="src\button\texture.c">
      <Filter>Fichiers sources</Filter>
    </ClCompile>
    <ClCompile Include="src\map\to_fill_triangle.c">
      <Filter>Fichiers sources</Filter>
    </ClCompile>
    <ClCompile Include="src\map\water.c">
      <Filter>Fichiers sources</Filter>
    </ClCompile>
    <ClCompile Include="src\button\hover\white_sand.c">
      <Filter>Fichiers sources</Filter>
    </ClCompile>
    <ClCompile Include="src\window\window.c">
      <Filter>Fichiers sources</Filter>
    </ClCompile>
    <ClCompile Include="src\mod\zoom.c">
      <Filter>Fichiers sources</Filter>
    </ClCompile>
  </ItemGroup>
</Project>