
Microsoft Visual Studio Solution File, Format Version 12.00
# Visual Studio Version 17
VisualStudioVersion = 17.1.32228.430
MinimumVisualStudioVersion = 10.0.40219.1
Project("{8BC9CEB8-8B4A-11D0-8D11-00A0C91BC942}") = "MyWorld", "MyWorld.vcxproj", "{F5FE737D-CCD6-4C14-9120-1DCD75228D8E}"
EndProject
Global
	GlobalSection(SolutionConfigurationPlatforms) = preSolution
		Debug|x64 = Debug|x64
		Debug|x86 = Debug|x86
		Release|x64 = Release|x64
		Release|x86 = Release|x86
	EndGlobalSection
	GlobalSection(ProjectConfigurationPlatforms) = postSolution
		{F5FE737D-CCD6-4C14-9120-1DCD75228D8E}.Debug|x64.ActiveCfg = Debug|x64
		{F5FE737D-CCD6-4C14-9120-1DCD75228D8E}.Debug|x64.Build.0 = Debug|x64
		{F5FE737D-CCD6-4C14-9120-1DCD75228D8E}.Debug|x86.ActiveCfg = Debug|Win32
		{F5FE737D-CCD6-4C14-9120-1DCD75228D8E}.Debug|x86.Build.0 = Debug|Win32
		{F5FE737D-CCD6-4C14-9120-1DCD75228D8E}.Release|x64.ActiveCfg = Release|x64
		{F5FE737D-CCD6-4C14-9120-1DCD75228D8E}.Release|x64.Build.0 = Release|x64
		{F5FE737D-CCD6-4C14-9120-1DCD75228D8E}.Release|x86.ActiveCfg = Release|Win32
		{F5FE737D-CCD6-4C14-9120-1DCD75228D8E}.Release|x86.Build.0 = Release|Win32
	EndGlobalSection
	GlobalSection(SolutionProperties) = preSolution
		HideSolutionNode = FALSE
	EndGlobalSection
	GlobalSection(ExtensibilityGlobals) = postSolution
		SolutionGuid = {B6809C4F-AA63-4B8B-99AC-0C6F1C193731}
	EndGlobalSection
EndGlobal
